# THIS IS AN AUTOGENERATED FILE. DO NOT EDIT THIS FILE DIRECTLY.
# yarn lockfile v1


"pushin@^5.0.2":
  "integrity" "sha512-eMsE/e4vcrhUGVG+Wcn74pczavVTJI8Basc36nIUX4rFLvOOlV7cHnmC/PD/aG3fU5Ei8Es8ieOi27UpqAJ4YQ=="
  "resolved" "https://registry.npmjs.org/pushin/-/pushin-5.0.2.tgz"
  "version" "5.0.2"
